
Microsoft Visual Studio Solution File, Format Version 12.00
# Visual Studio Version 16
VisualStudioVersion = 16.0.31729.503
MinimumVisualStudioVersion = 10.0.40219.1
Project("{8BC9CEB8-8B4A-11D0-8D11-00A0C91BC942}") = "Homerork_Task2", "Homerork_Task2\Homerork_Task2.vcxproj", "{EF7C3B80-918B-4777-BF81-77B77BC6B305}"
EndProject
Global
	GlobalSection(SolutionConfigurationPlatforms) = preSolution
		Debug|x64 = Debug|x64
		Debug|x86 = Debug|x86
		Release|x64 = Release|x64
		Release|x86 = Release|x86
	EndGlobalSection
	GlobalSection(ProjectConfigurationPlatforms) = postSolution
		{EF7C3B80-918B-4777-BF81-77B77BC6B305}.Debug|x64.ActiveCfg = Debug|x64
		{EF7C3B80-918B-4777-BF81-77B77BC6B305}.Debug|x64.Build.0 = Debug|x64
		{EF7C3B80-918B-4777-BF81-77B77BC6B305}.Debug|x86.ActiveCfg = Debug|Win32
		{EF7C3B80-918B-4777-BF81-77B77BC6B305}.Debug|x86.Build.0 = Debug|Win32
		{EF7C3B80-918B-4777-BF81-77B77BC6B305}.Release|x64.ActiveCfg = Release|x64
		{EF7C3B80-918B-4777-BF81-77B77BC6B305}.Release|x64.Build.0 = Release|x64
		{EF7C3B80-918B-4777-BF81-77B77BC6B305}.Release|x86.ActiveCfg = Release|Win32
		{EF7C3B80-918B-4777-BF81-77B77BC6B305}.Release|x86.Build.0 = Release|Win32
	EndGlobalSection
	GlobalSection(SolutionProperties) = preSolution
		HideSolutionNode = FALSE
	EndGlobalSection
	GlobalSection(ExtensibilityGlobals) = postSolution
		SolutionGuid = {63DC7280-49E9-476B-86DA-A792ABD06B91}
	EndGlobalSection
EndGlobal
